
Microsoft Visual Studio Solution File, Format Version 12.00
# Visual Studio Version 17
VisualStudioVersion = 17.5.33516.290
MinimumVisualStudioVersion = 10.0.40219.1
Project("{FAE04EC0-301F-11D3-BF4B-00C04F79EFBC}") = "RelogioDigital_WF", "RelogioDigital_WF.csproj", "{9F3B7CF0-884A-4D55-8608-22B259B780BD}"
EndProject
Global
	GlobalSection(SolutionConfigurationPlatforms) = preSolution
		Debug|Any CPU = Debug|Any CPU
		Release|Any CPU = Release|Any CPU
	EndGlobalSection
	GlobalSection(ProjectConfigurationPlatforms) = postSolution
		{9F3B7CF0-884A-4D55-8608-22B259B780BD}.Debug|Any CPU.ActiveCfg = Debug|Any CPU
		{9F3B7CF0-884A-4D55-8608-22B259B780BD}.Debug|Any CPU.Build.0 = Debug|Any CPU
		{9F3B7CF0-884A-4D55-8608-22B259B780BD}.Release|Any CPU.ActiveCfg = Release|Any CPU
		{9F3B7CF0-884A-4D55-8608-22B259B780BD}.Release|Any CPU.Build.0 = Release|Any CPU
	EndGlobalSection
	GlobalSection(SolutionProperties) = preSolution
		HideSolutionNode = FALSE
	EndGlobalSection
	GlobalSection(ExtensibilityGlobals) = postSolution
		SolutionGuid = {C57BB510-4650-4C0C-A3FE-C4EA91A0C020}
	EndGlobalSection
EndGlobal
